
Microsoft Visual Studio Solution File, Format Version 12.00
# Visual Studio Version 17
VisualStudioVersion = 17.8.34330.188
MinimumVisualStudioVersion = 10.0.40219.1
Project("{9A19103F-16F7-4668-BE54-9A1E7A4F7556}") = "FoundItemApp", "FoundItemApp.csproj", "{2CBCF24F-D248-4328-A1BB-4317BDF13106}"
EndProject
Project("{FAE04EC0-301F-11D3-BF4B-00C04F79EFBC}") = "FoundItemApp.UnitTests", "..\FoundItemApp.UnitTests\FoundItemApp.UnitTests.csproj", "{C0ED0B1D-D8C5-487F-BFBE-529B2EDEF709}"
EndProject
Global
	GlobalSection(SolutionConfigurationPlatforms) = preSolution
		Debug|Any CPU = Debug|Any CPU
		Release|Any CPU = Release|Any CPU
	EndGlobalSection
	GlobalSection(ProjectConfigurationPlatforms) = postSolution
		{2CBCF24F-D248-4328-A1BB-4317BDF13106}.Debug|Any CPU.ActiveCfg = Debug|Any CPU
		{2CBCF24F-D248-4328-A1BB-4317BDF13106}.Debug|Any CPU.Build.0 = Debug|Any CPU
		{2CBCF24F-D248-4328-A1BB-4317BDF13106}.Release|Any CPU.ActiveCfg = Release|Any CPU
		{2CBCF24F-D248-4328-A1BB-4317BDF13106}.Release|Any CPU.Build.0 = Release|Any CPU
		{C0ED0B1D-D8C5-487F-BFBE-529B2EDEF709}.Debug|Any CPU.ActiveCfg = Debug|Any CPU
		{C0ED0B1D-D8C5-487F-BFBE-529B2EDEF709}.Debug|Any CPU.Build.0 = Debug|Any CPU
		{C0ED0B1D-D8C5-487F-BFBE-529B2EDEF709}.Release|Any CPU.ActiveCfg = Release|Any CPU
		{C0ED0B1D-D8C5-487F-BFBE-529B2EDEF709}.Release|Any CPU.Build.0 = Release|Any CPU
	EndGlobalSection
	GlobalSection(SolutionProperties) = preSolution
		HideSolutionNode = FALSE
	EndGlobalSection
	GlobalSection(ExtensibilityGlobals) = postSolution
		SolutionGuid = {5FB10939-C546-4212-80BF-09200C0B3058}
	EndGlobalSection
EndGlobal
